
Microsoft Visual Studio Solution File, Format Version 12.00
# Visual Studio Version 17
VisualStudioVersion = 17.14.37328.6 d17.14
MinimumVisualStudioVersion = 10.0.40219.1
Project("{FAE04EC0-301F-11D3-BF4B-00C04F79EFBC}") = "AluminiumManagementAPI", "AluminiumManagementAPI\AluminiumManagementAPI.csproj", "{DDE627A9-0526-46A5-892A-EA2E17BA02E8}"
EndProject
Global
	GlobalSection(SolutionConfigurationPlatforms) = preSolution
		Debug|Any CPU = Debug|Any CPU
		Release|Any CPU = Release|Any CPU
	EndGlobalSection
	GlobalSection(ProjectConfigurationPlatforms) = postSolution
		{DDE627A9-0526-46A5-892A-EA2E17BA02E8}.Debug|Any CPU.ActiveCfg = Debug|Any CPU
		{DDE627A9-0526-46A5-892A-EA2E17BA02E8}.Debug|Any CPU.Build.0 = Debug|Any CPU
		{DDE627A9-0526-46A5-892A-EA2E17BA02E8}.Release|Any CPU.ActiveCfg = Release|Any CPU
		{DDE627A9-0526-46A5-892A-EA2E17BA02E8}.Release|Any CPU.Build.0 = Release|Any CPU
	EndGlobalSection
	GlobalSection(SolutionProperties) = preSolution
		HideSolutionNode = FALSE
	EndGlobalSection
	GlobalSection(ExtensibilityGlobals) = postSolution
		SolutionGuid = {0D2227C5-FCC6-4CE7-9B9D-B8FC4A7454A9}
	EndGlobalSection
EndGlobal
